
Microsoft Visual Studio Solution File, Format Version 12.00
# Visual Studio Version 16
VisualStudioVersion = 16.0.31005.135
MinimumVisualStudioVersion = 10.0.40219.1
Project("{8BC9CEB8-8B4A-11D0-8D11-00A0C91BC942}") = "Sandbox", "Sandbox\Sandbox.vcxproj", "{C7C2A4BE-23BC-4705-8FD5-4ED1169D9A16}"
EndProject
Project("{8BC9CEB8-8B4A-11D0-8D11-00A0C91BC942}") = "PencilEngine", "PencilEngine\PencilEngine.vcxproj", "{57861E30-8724-4C6C-80F8-A4BBC04F54D8}"
EndProject
Global
	GlobalSection(SolutionConfigurationPlatforms) = preSolution
		Debug|x64 = Debug|x64
		Release|x64 = Release|x64
	EndGlobalSection
	GlobalSection(ProjectConfigurationPlatforms) = postSolution
		{57861E30-8724-4C6C-80F8-A4BBC04F54D8}.Debug|x64.ActiveCfg = Debug|x64
		{57861E30-8724-4C6C-80F8-A4BBC04F54D8}.Debug|x64.Build.0 = Debug|x64
		{57861E30-8724-4C6C-80F8-A4BBC04F54D8}.Release|x64.ActiveCfg = Release|x64
		{57861E30-8724-4C6C-80F8-A4BBC04F54D8}.Release|x64.Build.0 = Release|x64
		{C7C2A4BE-23BC-4705-8FD5-4ED1169D9A16}.Debug|x64.ActiveCfg = Debug|x64
		{C7C2A4BE-23BC-4705-8FD5-4ED1169D9A16}.Debug|x64.Build.0 = Debug|x64
		{C7C2A4BE-23BC-4705-8FD5-4ED1169D9A16}.Release|x64.ActiveCfg = Release|x64
		{C7C2A4BE-23BC-4705-8FD5-4ED1169D9A16}.Release|x64.Build.0 = Release|x64
	EndGlobalSection
	GlobalSection(SolutionProperties) = preSolution
		HideSolutionNode = FALSE
	EndGlobalSection
	GlobalSection(ExtensibilityGlobals) = postSolution
		SolutionGuid = {DB2497DA-AFEF-4D97-BD2F-775B4F99D509}
	EndGlobalSection
EndGlobal
