<?xml version="1.0" encoding="utf-8"?>
<Project ToolsVersion="4.0" xmlns="http://schemas.microsoft.com/developer/msbuild/2003">
  <ItemGroup>
    <Filter Include="PencilEngine">
      <UniqueIdentifier>{D6397414-C29C-03B9-6B22-3C6F5764CF3B}</UniqueIdentifier>
    </Filter>
  </ItemGroup>
  <ItemGroup>
    <ClInclude Include="src\PencilEngine\application.h">
      <Filter>PencilEngine</Filter>
    </ClInclude>
    <ClInclude Include="src\PencilEngine\core.h">
      <Filter>PencilEngine</Filter>
    </ClInclude>
    <ClInclude Include="src\PencilEngine\entryPoint.h">
      <Filter>PencilEngine</Filter>
    </ClInclude>
    <ClInclude Include="src\PencilEngine\log.h">
      <Filter>PencilEngine</Filter>
    </ClInclude>
    <ClInclude Include="src\pencil.h" />
  </ItemGroup>
  <ItemGroup>
    <ClCompile Include="src\PencilEngine\application.cpp">
      <Filter>PencilEngine</Filter>
    </ClCompile>
    <ClCompile Include="src\PencilEngine\log.cpp">
      <Filter>PencilEngine</Filter>
    </ClCompile>
  </ItemGroup>
</Project>